
Microsoft Visual Studio Solution File, Format Version 12.00
# Visual Studio Version 16
VisualStudioVersion = 16.0.31205.134
MinimumVisualStudioVersion = 10.0.40219.1
Project("{9092AA53-FB77-4645-B42D-1CCCA6BD08BD}") = "seniorProjectBackend", "seniorProjectBackend.njsproj", "{A8E0712B-2C65-420A-AD5F-3DD25A79A3D8}"
EndProject
Global
	GlobalSection(SolutionConfigurationPlatforms) = preSolution
		Debug|Any CPU = Debug|Any CPU
		Release|Any CPU = Release|Any CPU
	EndGlobalSection
	GlobalSection(ProjectConfigurationPlatforms) = postSolution
		{A8E0712B-2C65-420A-AD5F-3DD25A79A3D8}.Debug|Any CPU.ActiveCfg = Debug|Any CPU
		{A8E0712B-2C65-420A-AD5F-3DD25A79A3D8}.Debug|Any CPU.Build.0 = Debug|Any CPU
		{A8E0712B-2C65-420A-AD5F-3DD25A79A3D8}.Release|Any CPU.ActiveCfg = Release|Any CPU
		{A8E0712B-2C65-420A-AD5F-3DD25A79A3D8}.Release|Any CPU.Build.0 = Release|Any CPU
	EndGlobalSection
	GlobalSection(SolutionProperties) = preSolution
		HideSolutionNode = FALSE
	EndGlobalSection
	GlobalSection(ExtensibilityGlobals) = postSolution
		SolutionGuid = {ABA3246B-CA93-4B08-94E1-516BFD1F9795}
	EndGlobalSection
EndGlobal
